
Microsoft Visual Studio Solution File, Format Version 12.00
# Visual Studio 14
VisualStudioVersion = 14.0.25420.1
MinimumVisualStudioVersion = 10.0.40219.1
Project("{FAE04EC0-301F-11D3-BF4B-00C04F79EFBC}") = "Dao", "DAL\Dao.csproj", "{FDCD812A-B107-4A4D-B178-622C1C8BD745}"
EndProject
Project("{FAE04EC0-301F-11D3-BF4B-00C04F79EFBC}") = "Business", "Controller\Business.csproj", "{439C919A-0E3A-4620-AF85-AD5890930BBC}"
EndProject
Project("{FAE04EC0-301F-11D3-BF4B-00C04F79EFBC}") = "Model", "Model\Model.csproj", "{921AAEB5-85FA-4260-9216-5FD8E00EEA74}"
EndProject
Project("{FAE04EC0-301F-11D3-BF4B-00C04F79EFBC}") = "LocaPim", "LocaPim\LocaPim.csproj", "{25E62D9A-2117-4D70-99A5-B151A66417BE}"
EndProject
Project("{FAE04EC0-301F-11D3-BF4B-00C04F79EFBC}") = "Web", "Web\Web.csproj", "{2594E89C-2DAE-4945-A5C0-019CC612BCD8}"
EndProject
Project("{2150E333-8FDC-42A3-9474-1A3956D46DE8}") = "View", "View", "{64423C77-D22C-4380-AC36-C82F5E00E971}"
EndProject
Global
	GlobalSection(SolutionConfigurationPlatforms) = preSolution
		Debug|Any CPU = Debug|Any CPU
		Release|Any CPU = Release|Any CPU
	EndGlobalSection
	GlobalSection(ProjectConfigurationPlatforms) = postSolution
		{FDCD812A-B107-4A4D-B178-622C1C8BD745}.Debug|Any CPU.ActiveCfg = Debug|Any CPU
		{FDCD812A-B107-4A4D-B178-622C1C8BD745}.Debug|Any CPU.Build.0 = Debug|Any CPU
		{FDCD812A-B107-4A4D-B178-622C1C8BD745}.Release|Any CPU.ActiveCfg = Release|Any CPU
		{FDCD812A-B107-4A4D-B178-622C1C8BD745}.Release|Any CPU.Build.0 = Release|Any CPU
		{439C919A-0E3A-4620-AF85-AD5890930BBC}.Debug|Any CPU.ActiveCfg = Debug|Any CPU
		{439C919A-0E3A-4620-AF85-AD5890930BBC}.Debug|Any CPU.Build.0 = Debug|Any CPU
		{439C919A-0E3A-4620-AF85-AD5890930BBC}.Release|Any CPU.ActiveCfg = Release|Any CPU
		{439C919A-0E3A-4620-AF85-AD5890930BBC}.Release|Any CPU.Build.0 = Release|Any CPU
		{921AAEB5-85FA-4260-9216-5FD8E00EEA74}.Debug|Any CPU.ActiveCfg = Debug|Any CPU
		{921AAEB5-85FA-4260-9216-5FD8E00EEA74}.Debug|Any CPU.Build.0 = Debug|Any CPU
		{921AAEB5-85FA-4260-9216-5FD8E00EEA74}.Release|Any CPU.ActiveCfg = Release|Any CPU
		{921AAEB5-85FA-4260-9216-5FD8E00EEA74}.Release|Any CPU.Build.0 = Release|Any CPU
		{25E62D9A-2117-4D70-99A5-B151A66417BE}.Debug|Any CPU.ActiveCfg = Debug|Any CPU
		{25E62D9A-2117-4D70-99A5-B151A66417BE}.Debug|Any CPU.Build.0 = Debug|Any CPU
		{25E62D9A-2117-4D70-99A5-B151A66417BE}.Release|Any CPU.ActiveCfg = Release|Any CPU
		{25E62D9A-2117-4D70-99A5-B151A66417BE}.Release|Any CPU.Build.0 = Release|Any CPU
		{2594E89C-2DAE-4945-A5C0-019CC612BCD8}.Debug|Any CPU.ActiveCfg = Debug|Any CPU
		{2594E89C-2DAE-4945-A5C0-019CC612BCD8}.Debug|Any CPU.Build.0 = Debug|Any CPU
		{2594E89C-2DAE-4945-A5C0-019CC612BCD8}.Release|Any CPU.ActiveCfg = Release|Any CPU
		{2594E89C-2DAE-4945-A5C0-019CC612BCD8}.Release|Any CPU.Build.0 = Release|Any CPU
	EndGlobalSection
	GlobalSection(SolutionProperties) = preSolution
		HideSolutionNode = FALSE
	EndGlobalSection
	GlobalSection(NestedProjects) = preSolution
		{25E62D9A-2117-4D70-99A5-B151A66417BE} = {64423C77-D22C-4380-AC36-C82F5E00E971}
	EndGlobalSection
EndGlobal
